// !$*UTF8*$!
{
	archiveVersion = 1;
	classes = {
	};
	objectVersion = 46;
	objects = {

/* Begin PBXBuildFile section */
		DC2AFE5A195DE97300383265 /* Foundation.framework in Frameworks */ = {isa = PBXBuildFile; fileRef = DC2AFE59195DE97300383265 /* Foundation.framework */; };
		DC2AFE5C195DE97300383265 /* CoreGraphics.framework in Frameworks */ = {isa = PBXBuildFile; fileRef = DC2AFE5B195DE97300383265 /* CoreGraphics.framework */; };
		DC2AFE5E195DE97300383265 /* UIKit.framework in Frameworks */ = {isa = PBXBuildFile; fileRef = DC2AFE5D195DE97300383265 /* UIKit.framework */; };
		DC2AFE64195DE97300383265 /* InfoPlist.strings in Resources */ = {isa = PBXBuildFile; fileRef = DC2AFE62195DE97300383265 /* InfoPlist.strings */; };
		DC2AFE66195DE97300383265 /* main.m in Sources */ = {isa = PBXBuildFile; fileRef = DC2AFE65195DE97300383265 /* main.m */; };
		DC2AFE6A195DE97300383265 /* OTOAppDelegate.m in Sources */ = {isa = PBXBuildFile; fileRef = DC2AFE69195DE97300383265 /* OTOAppDelegate.m */; };
		DC2AFE6D195DE97300383265 /* Main.storyboard in Resources */ = {isa = PBXBuildFile; fileRef = DC2AFE6B195DE97300383265 /* Main.storyboard */; };
		DC2AFE75195DE97300383265 /* Images.xcassets in Resources */ = {isa = PBXBuildFile; fileRef = DC2AFE74195DE97300383265 /* Images.xcassets */; };
		DC2AFE7C195DE97300383265 /* XCTest.framework in Frameworks */ = {isa = PBXBuildFile; fileRef = DC2AFE7B195DE97300383265 /* XCTest.framework */; };
		DC2AFE7D195DE97300383265 /* Foundation.framework in Frameworks */ = {isa = PBXBuildFile; fileRef = DC2AFE59195DE97300383265 /* Foundation.framework */; };
		DC2AFE7E195DE97300383265 /* UIKit.framework in Frameworks */ = {isa = PBXBuildFile; fileRef = DC2AFE5D195DE97300383265 /* UIKit.framework */; };
		DC2AFE86195DE97300383265 /* InfoPlist.strings in Resources */ = {isa = PBXBuildFile; fileRef = DC2AFE84195DE97300383265 /* InfoPlist.strings */; };
		DC2AFE88195DE97300383265 /* OnatoFAQsTests.m in Sources */ = {isa = PBXBuildFile; fileRef = DC2AFE87195DE97300383265 /* OnatoFAQsTests.m */; };
		DC2AFE93195DEBAE00383265 /* OTOFAQTableViewController.m in Sources */ = {isa = PBXBuildFile; fileRef = DC2AFE92195DEBAE00383265 /* OTOFAQTableViewController.m */; };
		DC2AFE96195DFBA100383265 /* OTOFAQ.m in Sources */ = {isa = PBXBuildFile; fileRef = DC2AFE95195DFBA100383265 /* OTOFAQ.m */; };
		DC2AFE99195DFF8800383265 /* OTOFAQDetailViewController.m in Sources */ = {isa = PBXBuildFile; fileRef = DC2AFE98195DFF8800383265 /* OTOFAQDetailViewController.m */; };
		DC2AFE9C195EC0DF00383265 /* OTOHelpManager.m in Sources */ = {isa = PBXBuildFile; fileRef = DC2AFE9B195EC0DF00383265 /* OTOHelpManager.m */; };
		DC943B591A94001900B15FF7 /* OTOFAQContactCell.m in Sources */ = {isa = PBXBuildFile; fileRef = DC943B581A94001900B15FF7 /* OTOFAQContactCell.m */; };
		DC943B5B1A94A23200B15FF7 /* OTOFAQs.plist in Resources */ = {isa = PBXBuildFile; fileRef = DC943B5A1A94A23200B15FF7 /* OTOFAQs.plist */; };
		DC943B5D1A94A49400B15FF7 /* OTOFAQs-local.plist in Resources */ = {isa = PBXBuildFile; fileRef = DC943B5C1A94A49400B15FF7 /* OTOFAQs-local.plist */; };
		E2EBD8939F4A42738A338E17 /* libPods-OnatoFAQs.a in Frameworks */ = {isa = PBXBuildFile; fileRef = EBD2795D231843B69B7861A9 /* libPods-OnatoFAQs.a */; };
/* End PBXBuildFile section */

/* Begin PBXContainerItemProxy section */
		DC2AFE7F195DE97300383265 /* PBXContainerItemProxy */ = {
			isa = PBXContainerItemProxy;
			containerPortal = DC2AFE4E195DE97300383265 /* Project object */;
			proxyType = 1;
			remoteGlobalIDString = DC2AFE55195DE97300383265;
			remoteInfo = OnatoFAQs;
		};
/* End PBXContainerItemProxy section */

/* Begin PBXFileReference section */
		3B8BD6424B11156865A359FE /* Pods-OnatoFAQs.debug.xcconfig */ = {isa = PBXFileReference; includeInIndex = 1; lastKnownFileType = text.xcconfig; name = "Pods-OnatoFAQs.debug.xcconfig"; path = "Pods/Target Support Files/Pods-OnatoFAQs/Pods-OnatoFAQs.debug.xcconfig"; sourceTree = "<group>"; };
		7D426FF4F0130E165008C00E /* Pods-OnatoFAQs.release.xcconfig */ = {isa = PBXFileReference; includeInIndex = 1; lastKnownFileType = text.xcconfig; name = "Pods-OnatoFAQs.release.xcconfig"; path = "Pods/Target Support Files/Pods-OnatoFAQs/Pods-OnatoFAQs.release.xcconfig"; sourceTree = "<group>"; };
		DC2AFE56195DE97300383265 /* OnatoFAQs.app */ = {isa = PBXFileReference; explicitFileType = wrapper.application; includeInIndex = 0; path = OnatoFAQs.app; sourceTree = BUILT_PRODUCTS_DIR; };
		DC2AFE59195DE97300383265 /* Foundation.framework */ = {isa = PBXFileReference; lastKnownFileType = wrapper.framework; name = Foundation.framework; path = System/Library/Frameworks/Foundation.framework; sourceTree = SDKROOT; };
		DC2AFE5B195DE97300383265 /* CoreGraphics.framework */ = {isa = PBXFileReference; lastKnownFileType = wrapper.framework; name = CoreGraphics.framework; path = System/Library/Frameworks/CoreGraphics.framework; sourceTree = SDKROOT; };
		DC2AFE5D195DE97300383265 /* UIKit.framework */ = {isa = PBXFileReference; lastKnownFileType = wrapper.framework; name = UIKit.framework; path = System/Library/Frameworks/UIKit.framework; sourceTree = SDKROOT; };
		DC2AFE61195DE97300383265 /* OnatoFAQs-Info.plist */ = {isa = PBXFileReference; lastKnownFileType = text.plist.xml; path = "OnatoFAQs-Info.plist"; sourceTree = "<group>"; };
		DC2AFE63195DE97300383265 /* en */ = {isa = PBXFileReference; lastKnownFileType = text.plist.strings; name = en; path = en.lproj/InfoPlist.strings; sourceTree = "<group>"; };
		DC2AFE65195DE97300383265 /* main.m */ = {isa = PBXFileReference; lastKnownFileType = sourcecode.c.objc; path = main.m; sourceTree = "<group>"; };
		DC2AFE67195DE97300383265 /* OnatoFAQs-Prefix.pch */ = {isa = PBXFileReference; lastKnownFileType = sourcecode.c.h; path = "OnatoFAQs-Prefix.pch"; sourceTree = "<group>"; };
		DC2AFE68195DE97300383265 /* OTOAppDelegate.h */ = {isa = PBXFileReference; lastKnownFileType = sourcecode.c.h; path = OTOAppDelegate.h; sourceTree = "<group>"; };
		DC2AFE69195DE97300383265 /* OTOAppDelegate.m */ = {isa = PBXFileReference; lastKnownFileType = sourcecode.c.objc; path = OTOAppDelegate.m; sourceTree = "<group>"; };
		DC2AFE6C195DE97300383265 /* Base */ = {isa = PBXFileReference; lastKnownFileType = file.storyboard; name = Base; path = Base.lproj/Main.storyboard; sourceTree = "<group>"; };
		DC2AFE74195DE97300383265 /* Images.xcassets */ = {isa = PBXFileReference; lastKnownFileType = folder.assetcatalog; path = Images.xcassets; sourceTree = "<group>"; };
		DC2AFE7A195DE97300383265 /* OnatoFAQsTests.xctest */ = {isa = PBXFileReference; explicitFileType = wrapper.cfbundle; includeInIndex = 0; path = OnatoFAQsTests.xctest; sourceTree = BUILT_PRODUCTS_DIR; };
		DC2AFE7B195DE97300383265 /* XCTest.framework */ = {isa = PBXFileReference; lastKnownFileType = wrapper.framework; name = XCTest.framework; path = Library/Frameworks/XCTest.framework; sourceTree = DEVELOPER_DIR; };
		DC2AFE83195DE97300383265 /* OnatoFAQsTests-Info.plist */ = {isa = PBXFileReference; lastKnownFileType = text.plist.xml; path = "OnatoFAQsTests-Info.plist"; sourceTree = "<group>"; };
		DC2AFE85195DE97300383265 /* en */ = {isa = PBXFileReference; lastKnownFileType = text.plist.strings; name = en; path = en.lproj/InfoPlist.strings; sourceTree = "<group>"; };
		DC2AFE87195DE97300383265 /* OnatoFAQsTests.m */ = {isa = PBXFileReference; lastKnownFileType = sourcecode.c.objc; path = OnatoFAQsTests.m; sourceTree = "<group>"; };
		DC2AFE91195DEBAE00383265 /* OTOFAQTableViewController.h */ = {isa = PBXFileReference; fileEncoding = 4; lastKnownFileType = sourcecode.c.h; path = OTOFAQTableViewController.h; sourceTree = "<group>"; };
		DC2AFE92195DEBAE00383265 /* OTOFAQTableViewController.m */ = {isa = PBXFileReference; fileEncoding = 4; lastKnownFileType = sourcecode.c.objc; path = OTOFAQTableViewController.m; sourceTree = "<group>"; };
		DC2AFE94195DFBA100383265 /* OTOFAQ.h */ = {isa = PBXFileReference; fileEncoding = 4; lastKnownFileType = sourcecode.c.h; path = OTOFAQ.h; sourceTree = "<group>"; };
		DC2AFE95195DFBA100383265 /* OTOFAQ.m */ = {isa = PBXFileReference; fileEncoding = 4; lastKnownFileType = sourcecode.c.objc; path = OTOFAQ.m; sourceTree = "<group>"; };
		DC2AFE97195DFF8800383265 /* OTOFAQDetailViewController.h */ = {isa = PBXFileReference; fileEncoding = 4; lastKnownFileType = sourcecode.c.h; path = OTOFAQDetailViewController.h; sourceTree = "<group>"; };
		DC2AFE98195DFF8800383265 /* OTOFAQDetailViewController.m */ = {isa = PBXFileReference; fileEncoding = 4; lastKnownFileType = sourcecode.c.objc; path = OTOFAQDetailViewController.m; sourceTree = "<group>"; };
		DC2AFE9A195EC0DF00383265 /* OTOHelpManager.h */ = {isa = PBXFileReference; fileEncoding = 4; lastKnownFileType = sourcecode.c.h; path = OTOHelpManager.h; sourceTree = "<group>"; };
		DC2AFE9B195EC0DF00383265 /* OTOHelpManager.m */ = {isa = PBXFileReference; fileEncoding = 4; lastKnownFileType = sourcecode.c.objc; path = OTOHelpManager.m; sourceTree = "<group>"; };
		DC943B571A94001900B15FF7 /* OTOFAQContactCell.h */ = {isa = PBXFileReference; fileEncoding = 4; lastKnownFileType = sourcecode.c.h; path = OTOFAQContactCell.h; sourceTree = "<group>"; };
		DC943B581A94001900B15FF7 /* OTOFAQContactCell.m */ = {isa = PBXFileReference; fileEncoding = 4; lastKnownFileType = sourcecode.c.objc; path = OTOFAQContactCell.m; sourceTree = "<group>"; };
		DC943B5A1A94A23200B15FF7 /* OTOFAQs.plist */ = {isa = PBXFileReference; fileEncoding = 4; lastKnownFileType = text.plist.xml; path = OTOFAQs.plist; sourceTree = "<group>"; };
		DC943B5C1A94A49400B15FF7 /* OTOFAQs-local.plist */ = {isa = PBXFileReference; fileEncoding = 4; lastKnownFileType = text.plist.xml; path = "OTOFAQs-local.plist"; sourceTree = "<group>"; };
		EBD2795D231843B69B7861A9 /* libPods-OnatoFAQs.a */ = {isa = PBXFileReference; explicitFileType = archive.ar; includeInIndex = 0; path = "libPods-OnatoFAQs.a"; sourceTree = BUILT_PRODUCTS_DIR; };
/* End PBXFileReference section */

/* Begin PBXFrameworksBuildPhase section */
		DC2AFE53195DE97300383265 /* Frameworks */ = {
			isa = PBXFrameworksBuildPhase;
			buildActionMask = 2147483647;
			files = (
				DC2AFE5C195DE97300383265 /* CoreGraphics.framework in Frameworks */,
				DC2AFE5E195DE97300383265 /* UIKit.framework in Frameworks */,
				DC2AFE5A195DE97300383265 /* Foundation.framework in Frameworks */,
				E2EBD8939F4A42738A338E17 /* libPods-OnatoFAQs.a in Frameworks */,
			);
			runOnlyForDeploymentPostprocessing = 0;
		};
		DC2AFE77195DE97300383265 /* Frameworks */ = {
			isa = PBXFrameworksBuildPhase;
			buildActionMask = 2147483647;
			files = (
				DC2AFE7C195DE97300383265 /* XCTest.framework in Frameworks */,
				DC2AFE7E195DE97300383265 /* UIKit.framework in Frameworks */,
				DC2AFE7D195DE97300383265 /* Foundation.framework in Frameworks */,
			);
			runOnlyForDeploymentPostprocessing = 0;
		};
/* End PBXFrameworksBuildPhase section */

/* Begin PBXGroup section */
		856150E014A41A21AF4F8E8E /* Pods */ = {
			isa = PBXGroup;
			children = (
				3B8BD6424B11156865A359FE /* Pods-OnatoFAQs.debug.xcconfig */,
				7D426FF4F0130E165008C00E /* Pods-OnatoFAQs.release.xcconfig */,
			);
			name = Pods;
			sourceTree = "<group>";
		};
		DC2AFE4D195DE97300383265 = {
			isa = PBXGroup;
			children = (
				DC2AFE5F195DE97300383265 /* OnatoFAQs */,
				DC2AFE81195DE97300383265 /* OnatoFAQsTests */,
				DC2AFE58195DE97300383265 /* Frameworks */,
				DC2AFE57195DE97300383265 /* Products */,
				856150E014A41A21AF4F8E8E /* Pods */,
			);
			sourceTree = "<group>";
		};
		DC2AFE57195DE97300383265 /* Products */ = {
			isa = PBXGroup;
			children = (
				DC2AFE56195DE97300383265 /* OnatoFAQs.app */,
				DC2AFE7A195DE97300383265 /* OnatoFAQsTests.xctest */,
			);
			name = Products;
			sourceTree = "<group>";
		};
		DC2AFE58195DE97300383265 /* Frameworks */ = {
			isa = PBXGroup;
			children = (
				DC2AFE59195DE97300383265 /* Foundation.framework */,
				DC2AFE5B195DE97300383265 /* CoreGraphics.framework */,
				DC2AFE5D195DE97300383265 /* UIKit.framework */,
				DC2AFE7B195DE97300383265 /* XCTest.framework */,
				EBD2795D231843B69B7861A9 /* libPods-OnatoFAQs.a */,
			);
			name = Frameworks;
			sourceTree = "<group>";
		};
		DC2AFE5F195DE97300383265 /* OnatoFAQs */ = {
			isa = PBXGroup;
			children = (
				DC943B5A1A94A23200B15FF7 /* OTOFAQs.plist */,
				DC943B5C1A94A49400B15FF7 /* OTOFAQs-local.plist */,
				DC2AFE68195DE97300383265 /* OTOAppDelegate.h */,
				DC2AFE69195DE97300383265 /* OTOAppDelegate.m */,
				DC2AFE6B195DE97300383265 /* Main.storyboard */,
				DC2AFE74195DE97300383265 /* Images.xcassets */,
				DC2AFE60195DE97300383265 /* Supporting Files */,
				DC2AFE91195DEBAE00383265 /* OTOFAQTableViewController.h */,
				DC2AFE92195DEBAE00383265 /* OTOFAQTableViewController.m */,
				DC2AFE94195DFBA100383265 /* OTOFAQ.h */,
				DC2AFE95195DFBA100383265 /* OTOFAQ.m */,
				DC2AFE97195DFF8800383265 /* OTOFAQDetailViewController.h */,
				DC2AFE98195DFF8800383265 /* OTOFAQDetailViewController.m */,
				DC2AFE9A195EC0DF00383265 /* OTOHelpManager.h */,
				DC2AFE9B195EC0DF00383265 /* OTOHelpManager.m */,
				DC943B571A94001900B15FF7 /* OTOFAQContactCell.h */,
				DC943B581A94001900B15FF7 /* OTOFAQContactCell.m */,
			);
			path = OnatoFAQs;
			sourceTree = "<group>";
		};
		DC2AFE60195DE97300383265 /* Supporting Files */ = {
			isa = PBXGroup;
			children = (
				DC2AFE61195DE97300383265 /* OnatoFAQs-Info.plist */,
				DC2AFE62195DE97300383265 /* InfoPlist.strings */,
				DC2AFE65195DE97300383265 /* main.m */,
				DC2AFE67195DE97300383265 /* OnatoFAQs-Prefix.pch */,
			);
			name = "Supporting Files";
			sourceTree = "<group>";
		};
		DC2AFE81195DE97300383265 /* OnatoFAQsTests */ = {
			isa = PBXGroup;
			children = (
				DC2AFE87195DE97300383265 /* OnatoFAQsTests.m */,
				DC2AFE82195DE97300383265 /* Supporting Files */,
			);
			path = OnatoFAQsTests;
			sourceTree = "<group>";
		};
		DC2AFE82195DE97300383265 /* Supporting Files */ = {
			isa = PBXGroup;
			children = (
				DC2AFE83195DE97300383265 /* OnatoFAQsTests-Info.plist */,
				DC2AFE84195DE97300383265 /* InfoPlist.strings */,
			);
			name = "Supporting Files";
			sourceTree = "<group>";
		};
/* End PBXGroup section */

/* Begin PBXNativeTarget section */
		DC2AFE55195DE97300383265 /* OnatoFAQs */ = {
			isa = PBXNativeTarget;
			buildConfigurationList = DC2AFE8B195DE97300383265 /* Build configuration list for PBXNativeTarget "OnatoFAQs" */;
			buildPhases = (
				1579F27C716047C8953A57AB /* Check Pods Manifest.lock */,
				DC2AFE52195DE97300383265 /* Sources */,
				DC2AFE53195DE97300383265 /* Frameworks */,
				DC2AFE54195DE97300383265 /* Resources */,
				25DBDEE547FC4C2AB8D54CFC /* Copy Pods Resources */,
			);
			buildRules = (
			);
			dependencies = (
			);
			name = OnatoFAQs;
			productName = OnatoFAQs;
			productReference = DC2AFE56195DE97300383265 /* OnatoFAQs.app */;
			productType = "com.apple.product-type.application";
		};
		DC2AFE79195DE97300383265 /* OnatoFAQsTests */ = {
			isa = PBXNativeTarget;
			buildConfigurationList = DC2AFE8E195DE97300383265 /* Build configuration list for PBXNativeTarget "OnatoFAQsTests" */;
			buildPhases = (
				DC2AFE76195DE97300383265 /* Sources */,
				DC2AFE77195DE97300383265 /* Frameworks */,
				DC2AFE78195DE97300383265 /* Resources */,
			);
			buildRules = (
			);
			dependencies = (
				DC2AFE80195DE97300383265 /* PBXTargetDependency */,
			);
			name = OnatoFAQsTests;
			productName = OnatoFAQsTests;
			productReference = DC2AFE7A195DE97300383265 /* OnatoFAQsTests.xctest */;
			productType = "com.apple.product-type.bundle.unit-test";
		};
/* End PBXNativeTarget section */

/* Begin PBXProject section */
		DC2AFE4E195DE97300383265 /* Project object */ = {
			isa = PBXProject;
			attributes = {
				CLASSPREFIX = OTO;
				LastUpgradeCheck = 0510;
				ORGANIZATIONNAME = Onato;
				TargetAttributes = {
					DC2AFE79195DE97300383265 = {
						TestTargetID = DC2AFE55195DE97300383265;
					};
				};
			};
			buildConfigurationList = DC2AFE51195DE97300383265 /* Build configuration list for PBXProject "OnatoFAQs" */;
			compatibilityVersion = "Xcode 3.2";
			developmentRegion = English;
			hasScannedForEncodings = 0;
			knownRegions = (
				en,
				Base,
			);
			mainGroup = DC2AFE4D195DE97300383265;
			productRefGroup = DC2AFE57195DE97300383265 /* Products */;
			projectDirPath = "";
			projectRoot = "";
			targets = (
				DC2AFE55195DE97300383265 /* OnatoFAQs */,
				DC2AFE79195DE97300383265 /* OnatoFAQsTests */,
			);
		};
/* End PBXProject section */

/* Begin PBXResourcesBuildPhase section */
		DC2AFE54195DE97300383265 /* Resources */ = {
			isa = PBXResourcesBuildPhase;
			buildActionMask = 2147483647;
			files = (
				DC943B5D1A94A49400B15FF7 /* OTOFAQs-local.plist in Resources */,
				DC943B5B1A94A23200B15FF7 /* OTOFAQs.plist in Resources */,
				DC2AFE75195DE97300383265 /* Images.xcassets in Resources */,
				DC2AFE6D195DE97300383265 /* Main.storyboard in Resources */,
				DC2AFE64195DE97300383265 /* InfoPlist.strings in Resources */,
			);
			runOnlyForDeploymentPostprocessing = 0;
		};
		DC2AFE78195DE97300383265 /* Resources */ = {
			isa = PBXResourcesBuildPhase;
			buildActionMask = 2147483647;
			files = (
				DC2AFE86195DE97300383265 /* InfoPlist.strings in Resources */,
			);
			runOnlyForDeploymentPostprocessing = 0;
		};
/* End PBXResourcesBuildPhase section */

/* Begin PBXShellScriptBuildPhase section */
		1579F27C716047C8953A57AB /* Check Pods Manifest.lock */ = {
			isa = PBXShellScriptBuildPhase;
			buildActionMask = 2147483647;
			files = (
			);
			inputPaths = (
			);
			name = "Check Pods Manifest.lock";
			outputPaths = (
			);
			runOnlyForDeploymentPostprocessing = 0;
			shellPath = /bin/sh;
			shellScript = "diff \"${PODS_ROOT}/../Podfile.lock\" \"${PODS_ROOT}/Manifest.lock\" > /dev/null\nif [[ $? != 0 ]] ; then\n    cat << EOM\nerror: The sandbox is not in sync with the Podfile.lock. Run 'pod install' or update your CocoaPods installation.\nEOM\n    exit 1\nfi\n";
			showEnvVarsInLog = 0;
		};
		25DBDEE547FC4C2AB8D54CFC /* Copy Pods Resources */ = {
			isa = PBXShellScriptBuildPhase;
			buildActionMask = 2147483647;
			files = (
			);
			inputPaths = (
			);
			name = "Copy Pods Resources";
			outputPaths = (
			);
			runOnlyForDeploymentPostprocessing = 0;
			shellPath = /bin/sh;
			shellScript = "\"${SRCROOT}/Pods/Target Support Files/Pods-OnatoFAQs/Pods-OnatoFAQs-resources.sh\"\n";
			showEnvVarsInLog = 0;
		};
/* End PBXShellScriptBuildPhase section */

/* Begin PBXSourcesBuildPhase section */
		DC2AFE52195DE97300383265 /* Sources */ = {
			isa = PBXSourcesBuildPhase;
			buildActionMask = 2147483647;
			files = (
				DC943B591A94001900B15FF7 /* OTOFAQContactCell.m in Sources */,
				DC2AFE66195DE97300383265 /* main.m in Sources */,
				DC2AFE99195DFF8800383265 /* OTOFAQDetailViewController.m in Sources */,
				DC2AFE96195DFBA100383265 /* OTOFAQ.m in Sources */,
				DC2AFE9C195EC0DF00383265 /* OTOHelpManager.m in Sources */,
				DC2AFE93195DEBAE00383265 /* OTOFAQTableViewController.m in Sources */,
				DC2AFE6A195DE97300383265 /* OTOAppDelegate.m in Sources */,
			);
			runOnlyForDeploymentPostprocessing = 0;
		};
		DC2AFE76195DE97300383265 /* Sources */ = {
			isa = PBXSourcesBuildPhase;
			buildActionMask = 2147483647;
			files = (
				DC2AFE88195DE97300383265 /* OnatoFAQsTests.m in Sources */,
			);
			runOnlyForDeploymentPostprocessing = 0;
		};
/* End PBXSourcesBuildPhase section */

/* Begin PBXTargetDependency section */
		DC2AFE80195DE97300383265 /* PBXTargetDependency */ = {
			isa = PBXTargetDependency;
			target = DC2AFE55195DE97300383265 /* OnatoFAQs */;
			targetProxy = DC2AFE7F195DE97300383265 /* PBXContainerItemProxy */;
		};
/* End PBXTargetDependency section */

/* Begin PBXVariantGroup section */
		DC2AFE62195DE97300383265 /* InfoPlist.strings */ = {
			isa = PBXVariantGroup;
			children = (
				DC2AFE63195DE97300383265 /* en */,
			);
			name = InfoPlist.strings;
			sourceTree = "<group>";
		};
		DC2AFE6B195DE97300383265 /* Main.storyboard */ = {
			isa = PBXVariantGroup;
			children = (
				DC2AFE6C195DE97300383265 /* Base */,
			);
			name = Main.storyboard;
			sourceTree = "<group>";
		};
		DC2AFE84195DE97300383265 /* InfoPlist.strings */ = {
			isa = PBXVariantGroup;
			children = (
				DC2AFE85195DE97300383265 /* en */,
			);
			name = InfoPlist.strings;
			sourceTree = "<group>";
		};
/* End PBXVariantGroup section */

/* Begin XCBuildConfiguration section */
		DC2AFE89195DE97300383265 /* Debug */ = {
			isa = XCBuildConfiguration;
			buildSettings = {
				ALWAYS_SEARCH_USER_PATHS = NO;
				CLANG_CXX_LANGUAGE_STANDARD = "gnu++0x";
				CLANG_CXX_LIBRARY = "libc++";
				CLANG_ENABLE_MODULES = YES;
				CLANG_ENABLE_OBJC_ARC = YES;
				CLANG_WARN_BOOL_CONVERSION = YES;
				CLANG_WARN_CONSTANT_CONVERSION = YES;
				CLANG_WARN_DIRECT_OBJC_ISA_USAGE = YES_ERROR;
				CLANG_WARN_EMPTY_BODY = YES;
				CLANG_WARN_ENUM_CONVERSION = YES;
				CLANG_WARN_INT_CONVERSION = YES;
				CLANG_WARN_OBJC_ROOT_CLASS = YES_ERROR;
				CLANG_WARN__DUPLICATE_METHOD_MATCH = YES;
				"CODE_SIGN_IDENTITY[sdk=iphoneos*]" = "iPhone Developer";
				COPY_PHASE_STRIP = NO;
				GCC_C_LANGUAGE_STANDARD = gnu99;
				GCC_DYNAMIC_NO_PIC = NO;
				GCC_OPTIMIZATION_LEVEL = 0;
				GCC_PREPROCESSOR_DEFINITIONS = (
					"DEBUG=1",
					"$(inherited)",
				);
				GCC_SYMBOLS_PRIVATE_EXTERN = NO;
				GCC_WARN_64_TO_32_BIT_CONVERSION = YES;
				GCC_WARN_ABOUT_RETURN_TYPE = YES_ERROR;
				GCC_WARN_UNDECLARED_SELECTOR = YES;
				GCC_WARN_UNINITIALIZED_AUTOS = YES_AGGRESSIVE;
				GCC_WARN_UNUSED_FUNCTION = YES;
				GCC_WARN_UNUSED_VARIABLE = YES;
				IPHONEOS_DEPLOYMENT_TARGET = 7.1;
				ONLY_ACTIVE_ARCH = YES;
				SDKROOT = iphoneos;
				TARGETED_DEVICE_FAMILY = "1,2";
			};
			name = Debug;
		};
		DC2AFE8A195DE97300383265 /* Release */ = {
			isa = XCBuildConfiguration;
			buildSettings = {
				ALWAYS_SEARCH_USER_PATHS = NO;
				CLANG_CXX_LANGUAGE_STANDARD = "gnu++0x";
				CLANG_CXX_LIBRARY = "libc++";
				CLANG_ENABLE_MODULES = YES;
				CLANG_ENABLE_OBJC_ARC = YES;
				CLANG_WARN_BOOL_CONVERSION = YES;
				CLANG_WARN_CONSTANT_CONVERSION = YES;
				CLANG_WARN_DIRECT_OBJC_ISA_USAGE = YES_ERROR;
				CLANG_WARN_EMPTY_BODY = YES;
				CLANG_WARN_ENUM_CONVERSION = YES;
				CLANG_WARN_INT_CONVERSION = YES;
				CLANG_WARN_OBJC_ROOT_CLASS = YES_ERROR;
				CLANG_WARN__DUPLICATE_METHOD_MATCH = YES;
				"CODE_SIGN_IDENTITY[sdk=iphoneos*]" = "iPhone Developer";
				COPY_PHASE_STRIP = YES;
				ENABLE_NS_ASSERTIONS = NO;
				GCC_C_LANGUAGE_STANDARD = gnu99;
				GCC_WARN_64_TO_32_BIT_CONVERSION = YES;
				GCC_WARN_ABOUT_RETURN_TYPE = YES_ERROR;
				GCC_WARN_UNDECLARED_SELECTOR = YES;
				GCC_WARN_UNINITIALIZED_AUTOS = YES_AGGRESSIVE;
				GCC_WARN_UNUSED_FUNCTION = YES;
				GCC_WARN_UNUSED_VARIABLE = YES;
				IPHONEOS_DEPLOYMENT_TARGET = 7.1;
				SDKROOT = iphoneos;
				TARGETED_DEVICE_FAMILY = "1,2";
				VALIDATE_PRODUCT = YES;
			};
			name = Release;
		};
		DC2AFE8C195DE97300383265 /* Debug */ = {
			isa = XCBuildConfiguration;
			baseConfigurationReference = 3B8BD6424B11156865A359FE /* Pods-OnatoFAQs.debug.xcconfig */;
			buildSettings = {
				ASSETCATALOG_COMPILER_APPICON_NAME = AppIcon;
				ASSETCATALOG_COMPILER_LAUNCHIMAGE_NAME = LaunchImage;
				CODE_SIGN_IDENTITY = "iPhone Distribution";
				GCC_PRECOMPILE_PREFIX_HEADER = YES;
				GCC_PREFIX_HEADER = "OnatoFAQs/OnatoFAQs-Prefix.pch";
				INFOPLIST_FILE = "OnatoFAQs/OnatoFAQs-Info.plist";
				PRODUCT_NAME = "$(TARGET_NAME)";
				WRAPPER_EXTENSION = app;
			};
			name = Debug;
		};
		DC2AFE8D195DE97300383265 /* Release */ = {
			isa = XCBuildConfiguration;
			baseConfigurationReference = 7D426FF4F0130E165008C00E /* Pods-OnatoFAQs.release.xcconfig */;
			buildSettings = {
				ASSETCATALOG_COMPILER_APPICON_NAME = AppIcon;
				ASSETCATALOG_COMPILER_LAUNCHIMAGE_NAME = LaunchImage;
				CODE_SIGN_IDENTITY = "iPhone Distribution";
				GCC_PRECOMPILE_PREFIX_HEADER = YES;
				GCC_PREFIX_HEADER = "OnatoFAQs/OnatoFAQs-Prefix.pch";
				INFOPLIST_FILE = "OnatoFAQs/OnatoFAQs-Info.plist";
				PRODUCT_NAME = "$(TARGET_NAME)";
				WRAPPER_EXTENSION = app;
			};
			name = Release;
		};
		DC2AFE8F195DE97300383265 /* Debug */ = {
			isa = XCBuildConfiguration;
			buildSettings = {
				BUNDLE_LOADER = "$(BUILT_PRODUCTS_DIR)/OnatoFAQs.app/OnatoFAQs";
				FRAMEWORK_SEARCH_PATHS = (
					"$(SDKROOT)/Developer/Library/Frameworks",
					"$(inherited)",
					"$(DEVELOPER_FRAMEWORKS_DIR)",
				);
				GCC_PRECOMPILE_PREFIX_HEADER = YES;
				GCC_PREFIX_HEADER = "OnatoFAQs/OnatoFAQs-Prefix.pch";
				GCC_PREPROCESSOR_DEFINITIONS = (
					"DEBUG=1",
					"$(inherited)",
				);
				INFOPLIST_FILE = "OnatoFAQsTests/OnatoFAQsTests-Info.plist";
				PRODUCT_NAME = "$(TARGET_NAME)";
				TEST_HOST = "$(BUNDLE_LOADER)";
				WRAPPER_EXTENSION = xctest;
			};
			name = Debug;
		};
		DC2AFE90195DE97300383265 /* Release */ = {
			isa = XCBuildConfiguration;
			buildSettings = {
				BUNDLE_LOADER = "$(BUILT_PRODUCTS_DIR)/OnatoFAQs.app/OnatoFAQs";
				FRAMEWORK_SEARCH_PATHS = (
					"$(SDKROOT)/Developer/Library/Frameworks",
					"$(inherited)",
					"$(DEVELOPER_FRAMEWORKS_DIR)",
				);
				GCC_PRECOMPILE_PREFIX_HEADER = YES;
				GCC_PREFIX_HEADER = "OnatoFAQs/OnatoFAQs-Prefix.pch";
				INFOPLIST_FILE = "OnatoFAQsTests/OnatoFAQsTests-Info.plist";
				PRODUCT_NAME = "$(TARGET_NAME)";
				TEST_HOST = "$(BUNDLE_LOADER)";
				WRAPPER_EXTENSION = xctest;
			};
			name = Release;
		};
/* End XCBuildConfiguration section */

/* Begin XCConfigurationList section */
		DC2AFE51195DE97300383265 /* Build configuration list for PBXProject "OnatoFAQs" */ = {
			isa = XCConfigurationList;
			buildConfigurations = (
				DC2AFE89195DE97300383265 /* Debug */,
				DC2AFE8A195DE97300383265 /* Release */,
			);
			defaultConfigurationIsVisible = 0;
			defaultConfigurationName = Release;
		};
		DC2AFE8B195DE97300383265 /* Build configuration list for PBXNativeTarget "OnatoFAQs" */ = {
			isa = XCConfigurationList;
			buildConfigurations = (
				DC2AFE8C195DE97300383265 /* Debug */,
				DC2AFE8D195DE97300383265 /* Release */,
			);
			defaultConfigurationIsVisible = 0;
			defaultConfigurationName = Release;
		};
		DC2AFE8E195DE97300383265 /* Build configuration list for PBXNativeTarget "OnatoFAQsTests" */ = {
			isa = XCConfigurationList;
			buildConfigurations = (
				DC2AFE8F195DE97300383265 /* Debug */,
				DC2AFE90195DE97300383265 /* Release */,
			);
			defaultConfigurationIsVisible = 0;
			defaultConfigurationName = Release;
		};
/* End XCConfigurationList section */
	};
	rootObject = DC2AFE4E195DE97300383265 /* Project object */;
}
